{
    "name": "zip-bundler",
    "version": "1.0.0",
    "lockfileVersion": 3,
    "requires": true,
    "packages": {
        "": {
            "name": "zip-bundler",
            "version": "1.0.0",
            "dependencies": {
                "@old-rd1/license": "^1.0.25",
                "@types/numeral": "^2.0.5",
                "numeral": "^2.0.6"
            },
            "devDependencies": {
                "@types/node": "^16.0.1",
                "typescript": "^4.9.5"
            }
        },
        "node_modules/@old-rd1/license": {
            "version": "1.0.25",
            "resolved": "https://npm.pkg.github.com/download/@OLD-RD1/license/1.0.25/41861c4efff20138f3ddcaf06ff8aad8a120a9d9",
            "integrity": "sha512-BHV+BIp+QMZq5A1Cz19/citBYH0ot+JTLEZLITP4rniXMyH7slLfHqRZgk5PDGd5n0QS23pItBttu7s/WCZq2Q=="
        },
        "node_modules/@types/node": {
            "version": "16.18.96",
            "resolved": "https://registry.npmjs.org/@types/node/-/node-16.18.96.tgz",
            "integrity": "sha512-84iSqGXoO+Ha16j8pRZ/L90vDMKX04QTYMTfYeE1WrjWaZXuchBehGUZEpNgx7JnmlrIHdnABmpjrQjhCnNldQ==",
            "dev": true
        },
        "node_modules/@types/numeral": {
            "version": "2.0.5",
            "resolved": "https://registry.npmjs.org/@types/numeral/-/numeral-2.0.5.tgz",
            "integrity": "sha512-kH8I7OSSwQu9DS9JYdFWbuvhVzvFRoCPCkGxNwoGgaPeDfEPJlcxNvEOypZhQ3XXHsGbfIuYcxcJxKUfJHnRfw=="
        },
        "node_modules/numeral": {
            "version": "2.0.6",
            "resolved": "https://registry.npmjs.org/numeral/-/numeral-2.0.6.tgz",
            "integrity": "sha512-qaKRmtYPZ5qdw4jWJD6bxEf1FJEqllJrwxCLIm0sQU/A7v2/czigzOb+C2uSiFsa9lBUzeH7M1oK+Q+OLxL3kA==",
            "engines": {
                "node": "*"
            }
        },
        "node_modules/typescript": {
            "version": "4.9.5",
            "resolved": "https://registry.npmjs.org/typescript/-/typescript-4.9.5.tgz",
            "integrity": "sha512-1FXk9E2Hm+QzZQ7z+McJiHL4NW1F2EzMu9Nq9i3zAaGqibafqYwCVU6WyWAuyQRRzOlxou8xZSyXLEN8oKj24g==",
            "dev": true,
            "bin": {
                "tsc": "bin/tsc",
                "tsserver": "bin/tsserver"
            },
            "engines": {
                "node": ">=4.2.0"
            }
        }
    }
}
